
Microsoft Visual Studio Solution File, Format Version 12.00
# Visual Studio Version 17
VisualStudioVersion = 17.11.35208.52
MinimumVisualStudioVersion = 10.0.40219.1
Project("{FAE04EC0-301F-11D3-BF4B-00C04F79EFBC}") = "APIPracticaProgramada4", "APIPracticaProgramada4\APIPracticaProgramada4.csproj", "{14566E25-4AFA-4A00-B930-D69FE4971025}"
EndProject
Project("{FAE04EC0-301F-11D3-BF4B-00C04F79EFBC}") = "PracticaProgramada4", "PracticaProgramada4\PracticaProgramada4.csproj", "{5F2EF5D4-B000-4B59-AA16-7392EECE138D}"
EndProject
Global
	GlobalSection(SolutionConfigurationPlatforms) = preSolution
		Debug|Any CPU = Debug|Any CPU
		Release|Any CPU = Release|Any CPU
	EndGlobalSection
	GlobalSection(ProjectConfigurationPlatforms) = postSolution
		{14566E25-4AFA-4A00-B930-D69FE4971025}.Debug|Any CPU.ActiveCfg = Debug|Any CPU
		{14566E25-4AFA-4A00-B930-D69FE4971025}.Debug|Any CPU.Build.0 = Debug|Any CPU
		{14566E25-4AFA-4A00-B930-D69FE4971025}.Release|Any CPU.ActiveCfg = Release|Any CPU
		{14566E25-4AFA-4A00-B930-D69FE4971025}.Release|Any CPU.Build.0 = Release|Any CPU
		{5F2EF5D4-B000-4B59-AA16-7392EECE138D}.Debug|Any CPU.ActiveCfg = Debug|Any CPU
		{5F2EF5D4-B000-4B59-AA16-7392EECE138D}.Debug|Any CPU.Build.0 = Debug|Any CPU
		{5F2EF5D4-B000-4B59-AA16-7392EECE138D}.Release|Any CPU.ActiveCfg = Release|Any CPU
		{5F2EF5D4-B000-4B59-AA16-7392EECE138D}.Release|Any CPU.Build.0 = Release|Any CPU
	EndGlobalSection
	GlobalSection(SolutionProperties) = preSolution
		HideSolutionNode = FALSE
	EndGlobalSection
	GlobalSection(ExtensibilityGlobals) = postSolution
		SolutionGuid = {B86C45FF-1FBF-4DEE-9883-471ED792E2DE}
	EndGlobalSection
EndGlobal
